// !$*UTF8*$!
{
	archiveVersion = 1;
	classes = {
	};
	objectVersion = 55;
	objects = {

/* Begin PBXBuildFile section */
		2F99D361271D7F1C003DD86C /* InfluencerCardList.swift in Sources */ = {isa = PBXBuildFile; fileRef = 2F99D360271D7F1C003DD86C /* InfluencerCardList.swift */; };
		2F99D364271D8309003DD86C /* SDWebImageSwiftUI in Frameworks */ = {isa = PBXBuildFile; productRef = 2F99D363271D8309003DD86C /* SDWebImageSwiftUI */; };
		2F99D391271DC6CE003DD86C /* Alamofire in Frameworks */ = {isa = PBXBuildFile; productRef = 2F99D390271DC6CE003DD86C /* Alamofire */; };
		2FA40E3F271DE3180095A812 /* ThemeColor.swift in Sources */ = {isa = PBXBuildFile; fileRef = 2FA40E3E271DE3180095A812 /* ThemeColor.swift */; };
		2FA40E41271DE3980095A812 /* ThemeFont.swift in Sources */ = {isa = PBXBuildFile; fileRef = 2FA40E40271DE3980095A812 /* ThemeFont.swift */; };
		2FA40E4C271DE9F70095A812 /* Poppins-Thin.ttf in Resources */ = {isa = PBXBuildFile; fileRef = 2FA40E43271DE9F60095A812 /* Poppins-Thin.ttf */; };
		2FA40E4D271DE9F70095A812 /* Poppins-SemiBold.ttf in Resources */ = {isa = PBXBuildFile; fileRef = 2FA40E44271DE9F60095A812 /* Poppins-SemiBold.ttf */; };
		2FA40E4E271DE9F70095A812 /* Poppins-Medium.ttf in Resources */ = {isa = PBXBuildFile; fileRef = 2FA40E45271DE9F60095A812 /* Poppins-Medium.ttf */; };
		2FA40E4F271DE9F70095A812 /* Poppins-Light.ttf in Resources */ = {isa = PBXBuildFile; fileRef = 2FA40E46271DE9F60095A812 /* Poppins-Light.ttf */; };
		2FA40E50271DE9F70095A812 /* Poppins-Bold.ttf in Resources */ = {isa = PBXBuildFile; fileRef = 2FA40E47271DE9F60095A812 /* Poppins-Bold.ttf */; };
		2FA40E51271DE9F70095A812 /* Poppins-Black.ttf in Resources */ = {isa = PBXBuildFile; fileRef = 2FA40E48271DE9F60095A812 /* Poppins-Black.ttf */; };
		2FA40E52271DE9F70095A812 /* Poppins-ExtraBold.ttf in Resources */ = {isa = PBXBuildFile; fileRef = 2FA40E49271DE9F70095A812 /* Poppins-ExtraBold.ttf */; };
		2FA40E53271DE9F70095A812 /* Poppins-ExtraLight.ttf in Resources */ = {isa = PBXBuildFile; fileRef = 2FA40E4A271DE9F70095A812 /* Poppins-ExtraLight.ttf */; };
		2FA40E54271DE9F70095A812 /* Poppins-Regular.ttf in Resources */ = {isa = PBXBuildFile; fileRef = 2FA40E4B271DE9F70095A812 /* Poppins-Regular.ttf */; };
		2FA40E57271DF44E0095A812 /* ColorExtension.swift in Sources */ = {isa = PBXBuildFile; fileRef = 2FA40E56271DF44E0095A812 /* ColorExtension.swift */; };
		2FA40E5A271DFB2C0095A812 /* NumberFormatterExtension.swift in Sources */ = {isa = PBXBuildFile; fileRef = 2FA40E59271DFB2C0095A812 /* NumberFormatterExtension.swift */; };
		2FBC8B97271C2E09007E7B76 /* HttpUtility.swift in Sources */ = {isa = PBXBuildFile; fileRef = 2FBC8B96271C2E09007E7B76 /* HttpUtility.swift */; };
		2FBC8BB1271C3725007E7B76 /* InfluencerListService.swift in Sources */ = {isa = PBXBuildFile; fileRef = 2FBC8BB0271C3725007E7B76 /* InfluencerListService.swift */; };
		2FBC8BB3271C37CC007E7B76 /* InfluencerListResponse.swift in Sources */ = {isa = PBXBuildFile; fileRef = 2FBC8BB2271C37CC007E7B76 /* InfluencerListResponse.swift */; };
		2FBC8BB5271C38E8007E7B76 /* InfluencerListModel.swift in Sources */ = {isa = PBXBuildFile; fileRef = 2FBC8BB4271C38E8007E7B76 /* InfluencerListModel.swift */; };
		2FBC8BB7271C3994007E7B76 /* InfluencerListViewModel.swift in Sources */ = {isa = PBXBuildFile; fileRef = 2FBC8BB6271C3994007E7B76 /* InfluencerListViewModel.swift */; };
		2FBC8BB9271C3C66007E7B76 /* InfluencerListView.swift in Sources */ = {isa = PBXBuildFile; fileRef = 2FBC8BB8271C3C66007E7B76 /* InfluencerListView.swift */; };
		D21476242723F4B2009985BD /* RecommendationInfluencerModel.swift in Sources */ = {isa = PBXBuildFile; fileRef = D21476232723F4B2009985BD /* RecommendationInfluencerModel.swift */; };
		D2577BC4271F11BD00E7AC5D /* HomepageView.swift in Sources */ = {isa = PBXBuildFile; fileRef = D2577BC3271F11BD00E7AC5D /* HomepageView.swift */; };
		D2577BC6271F239B00E7AC5D /* Categories.swift in Sources */ = {isa = PBXBuildFile; fileRef = D2577BC5271F239B00E7AC5D /* Categories.swift */; };
		D2577BC8271F23BE00E7AC5D /* RecommendationInfluencer.swift in Sources */ = {isa = PBXBuildFile; fileRef = D2577BC7271F23BE00E7AC5D /* RecommendationInfluencer.swift */; };
		D2577BCA271F244100E7AC5D /* RecommendationInfluencerCard.swift in Sources */ = {isa = PBXBuildFile; fileRef = D2577BC9271F244100E7AC5D /* RecommendationInfluencerCard.swift */; };
		D28D6254271FBC9600BE7345 /* HomepageViewConstant.swift in Sources */ = {isa = PBXBuildFile; fileRef = D28D6253271FBC9600BE7345 /* HomepageViewConstant.swift */; };
		D28D625627201E8300BE7345 /* RecommendationInfluencerService.swift in Sources */ = {isa = PBXBuildFile; fileRef = D28D625527201E8300BE7345 /* RecommendationInfluencerService.swift */; };
		D28D625827201ECB00BE7345 /* CategoriesServices.swift in Sources */ = {isa = PBXBuildFile; fileRef = D28D625727201ECB00BE7345 /* CategoriesServices.swift */; };
		D28D625A27205B6000BE7345 /* ProfileButton.swift in Sources */ = {isa = PBXBuildFile; fileRef = D28D625927205B6000BE7345 /* ProfileButton.swift */; };
		D28D625C2720957500BE7345 /* PromotionCard.swift in Sources */ = {isa = PBXBuildFile; fileRef = D28D625B2720957500BE7345 /* PromotionCard.swift */; };
		D28EC2A92722536400FCEA2B /* RecommendationViewModel.swift in Sources */ = {isa = PBXBuildFile; fileRef = D28EC2A82722536400FCEA2B /* RecommendationViewModel.swift */; };
		D291034E27212A550008B0DE /* CategoryViewModel.swift in Sources */ = {isa = PBXBuildFile; fileRef = D291034D27212A550008B0DE /* CategoryViewModel.swift */; };
		D299558C271E65EB0025D0CB /* HomepageCategoriesCard.swift in Sources */ = {isa = PBXBuildFile; fileRef = D299558B271E65EB0025D0CB /* HomepageCategoriesCard.swift */; };
		D2995592271F0D120025D0CB /* CategoriesCard.swift in Sources */ = {isa = PBXBuildFile; fileRef = D2995591271F0D120025D0CB /* CategoriesCard.swift */; };
		F75CEE6E2713E80D00E36A1F /* KoalaApp.swift in Sources */ = {isa = PBXBuildFile; fileRef = F75CEE6D2713E80D00E36A1F /* KoalaApp.swift */; };
		F75CEE702713E80D00E36A1F /* ContentView.swift in Sources */ = {isa = PBXBuildFile; fileRef = F75CEE6F2713E80D00E36A1F /* ContentView.swift */; };
		F75CEE722713E80F00E36A1F /* Assets.xcassets in Resources */ = {isa = PBXBuildFile; fileRef = F75CEE712713E80F00E36A1F /* Assets.xcassets */; };
		F75CEE752713E80F00E36A1F /* Preview Assets.xcassets in Resources */ = {isa = PBXBuildFile; fileRef = F75CEE742713E80F00E36A1F /* Preview Assets.xcassets */; };
		F75CEE8627143BC300E36A1F /* LoginRepository.swift in Sources */ = {isa = PBXBuildFile; fileRef = F75CEE8527143BC300E36A1F /* LoginRepository.swift */; };
		F75CEE8827143BCF00E36A1F /* User.swift in Sources */ = {isa = PBXBuildFile; fileRef = F75CEE8727143BCF00E36A1F /* User.swift */; };
		F75CEE8A27143BD800E36A1F /* LoginViewModel.swift in Sources */ = {isa = PBXBuildFile; fileRef = F75CEE8927143BD800E36A1F /* LoginViewModel.swift */; };
		F75CEE8C27143BE900E36A1F /* LoginService.swift in Sources */ = {isa = PBXBuildFile; fileRef = F75CEE8B27143BE900E36A1F /* LoginService.swift */; };
		F75CEE8E27143BF100E36A1F /* LoginView.swift in Sources */ = {isa = PBXBuildFile; fileRef = F75CEE8D27143BF100E36A1F /* LoginView.swift */; };
/* End PBXBuildFile section */

/* Begin PBXFileReference section */
		2F99D360271D7F1C003DD86C /* InfluencerCardList.swift */ = {isa = PBXFileReference; lastKnownFileType = sourcecode.swift; path = InfluencerCardList.swift; sourceTree = "<group>"; };
		2FA40E3E271DE3180095A812 /* ThemeColor.swift */ = {isa = PBXFileReference; lastKnownFileType = sourcecode.swift; path = ThemeColor.swift; sourceTree = "<group>"; };
		2FA40E40271DE3980095A812 /* ThemeFont.swift */ = {isa = PBXFileReference; lastKnownFileType = sourcecode.swift; path = ThemeFont.swift; sourceTree = "<group>"; };
		2FA40E43271DE9F60095A812 /* Poppins-Thin.ttf */ = {isa = PBXFileReference; lastKnownFileType = file; path = "Poppins-Thin.ttf"; sourceTree = "<group>"; };
		2FA40E44271DE9F60095A812 /* Poppins-SemiBold.ttf */ = {isa = PBXFileReference; lastKnownFileType = file; path = "Poppins-SemiBold.ttf"; sourceTree = "<group>"; };
		2FA40E45271DE9F60095A812 /* Poppins-Medium.ttf */ = {isa = PBXFileReference; lastKnownFileType = file; path = "Poppins-Medium.ttf"; sourceTree = "<group>"; };
		2FA40E46271DE9F60095A812 /* Poppins-Light.ttf */ = {isa = PBXFileReference; lastKnownFileType = file; path = "Poppins-Light.ttf"; sourceTree = "<group>"; };
		2FA40E47271DE9F60095A812 /* Poppins-Bold.ttf */ = {isa = PBXFileReference; lastKnownFileType = file; path = "Poppins-Bold.ttf"; sourceTree = "<group>"; };
		2FA40E48271DE9F60095A812 /* Poppins-Black.ttf */ = {isa = PBXFileReference; lastKnownFileType = file; path = "Poppins-Black.ttf"; sourceTree = "<group>"; };
		2FA40E49271DE9F70095A812 /* Poppins-ExtraBold.ttf */ = {isa = PBXFileReference; lastKnownFileType = file; path = "Poppins-ExtraBold.ttf"; sourceTree = "<group>"; };
		2FA40E4A271DE9F70095A812 /* Poppins-ExtraLight.ttf */ = {isa = PBXFileReference; lastKnownFileType = file; path = "Poppins-ExtraLight.ttf"; sourceTree = "<group>"; };
		2FA40E4B271DE9F70095A812 /* Poppins-Regular.ttf */ = {isa = PBXFileReference; lastKnownFileType = file; path = "Poppins-Regular.ttf"; sourceTree = "<group>"; };
		2FA40E55271DEB340095A812 /* Info.plist */ = {isa = PBXFileReference; lastKnownFileType = text.plist; path = Info.plist; sourceTree = "<group>"; };
		2FA40E56271DF44E0095A812 /* ColorExtension.swift */ = {isa = PBXFileReference; lastKnownFileType = sourcecode.swift; name = ColorExtension.swift; path = Koala/Utilities/Extensions/ColorExtension.swift; sourceTree = SOURCE_ROOT; };
		2FA40E59271DFB2C0095A812 /* NumberFormatterExtension.swift */ = {isa = PBXFileReference; lastKnownFileType = sourcecode.swift; path = NumberFormatterExtension.swift; sourceTree = "<group>"; };
		2FBC8B96271C2E09007E7B76 /* HttpUtility.swift */ = {isa = PBXFileReference; fileEncoding = 4; lastKnownFileType = sourcecode.swift; path = HttpUtility.swift; sourceTree = "<group>"; };
		2FBC8BB0271C3725007E7B76 /* InfluencerListService.swift */ = {isa = PBXFileReference; lastKnownFileType = sourcecode.swift; path = InfluencerListService.swift; sourceTree = "<group>"; };
		2FBC8BB2271C37CC007E7B76 /* InfluencerListResponse.swift */ = {isa = PBXFileReference; lastKnownFileType = sourcecode.swift; path = InfluencerListResponse.swift; sourceTree = "<group>"; };
		2FBC8BB4271C38E8007E7B76 /* InfluencerListModel.swift */ = {isa = PBXFileReference; lastKnownFileType = sourcecode.swift; path = InfluencerListModel.swift; sourceTree = "<group>"; };
		2FBC8BB6271C3994007E7B76 /* InfluencerListViewModel.swift */ = {isa = PBXFileReference; lastKnownFileType = sourcecode.swift; path = InfluencerListViewModel.swift; sourceTree = "<group>"; };
		2FBC8BB8271C3C66007E7B76 /* InfluencerListView.swift */ = {isa = PBXFileReference; lastKnownFileType = sourcecode.swift; path = InfluencerListView.swift; sourceTree = "<group>"; };
		D21476232723F4B2009985BD /* RecommendationInfluencerModel.swift */ = {isa = PBXFileReference; lastKnownFileType = sourcecode.swift; path = RecommendationInfluencerModel.swift; sourceTree = "<group>"; };
		D2577BC3271F11BD00E7AC5D /* HomepageView.swift */ = {isa = PBXFileReference; lastKnownFileType = sourcecode.swift; path = HomepageView.swift; sourceTree = "<group>"; };
		D2577BC5271F239B00E7AC5D /* Categories.swift */ = {isa = PBXFileReference; lastKnownFileType = sourcecode.swift; path = Categories.swift; sourceTree = "<group>"; };
		D2577BC7271F23BE00E7AC5D /* RecommendationInfluencer.swift */ = {isa = PBXFileReference; lastKnownFileType = sourcecode.swift; path = RecommendationInfluencer.swift; sourceTree = "<group>"; };
		D2577BC9271F244100E7AC5D /* RecommendationInfluencerCard.swift */ = {isa = PBXFileReference; lastKnownFileType = sourcecode.swift; path = RecommendationInfluencerCard.swift; sourceTree = "<group>"; };
		D28D6253271FBC9600BE7345 /* HomepageViewConstant.swift */ = {isa = PBXFileReference; lastKnownFileType = sourcecode.swift; path = HomepageViewConstant.swift; sourceTree = "<group>"; };
		D28D625527201E8300BE7345 /* RecommendationInfluencerService.swift */ = {isa = PBXFileReference; lastKnownFileType = sourcecode.swift; path = RecommendationInfluencerService.swift; sourceTree = "<group>"; };
		D28D625727201ECB00BE7345 /* CategoriesServices.swift */ = {isa = PBXFileReference; lastKnownFileType = sourcecode.swift; path = CategoriesServices.swift; sourceTree = "<group>"; };
		D28D625927205B6000BE7345 /* ProfileButton.swift */ = {isa = PBXFileReference; lastKnownFileType = sourcecode.swift; path = ProfileButton.swift; sourceTree = "<group>"; };
		D28D625B2720957500BE7345 /* PromotionCard.swift */ = {isa = PBXFileReference; lastKnownFileType = sourcecode.swift; path = PromotionCard.swift; sourceTree = "<group>"; };
		D28EC2A82722536400FCEA2B /* RecommendationViewModel.swift */ = {isa = PBXFileReference; lastKnownFileType = sourcecode.swift; path = RecommendationViewModel.swift; sourceTree = "<group>"; };
		D291034D27212A550008B0DE /* CategoryViewModel.swift */ = {isa = PBXFileReference; lastKnownFileType = sourcecode.swift; path = CategoryViewModel.swift; sourceTree = "<group>"; };
		D299558B271E65EB0025D0CB /* HomepageCategoriesCard.swift */ = {isa = PBXFileReference; lastKnownFileType = sourcecode.swift; path = HomepageCategoriesCard.swift; sourceTree = "<group>"; };
		D2995591271F0D120025D0CB /* CategoriesCard.swift */ = {isa = PBXFileReference; lastKnownFileType = sourcecode.swift; path = CategoriesCard.swift; sourceTree = "<group>"; };
		F75CEE6A2713E80D00E36A1F /* Koala.app */ = {isa = PBXFileReference; explicitFileType = wrapper.application; includeInIndex = 0; path = Koala.app; sourceTree = BUILT_PRODUCTS_DIR; };
		F75CEE6D2713E80D00E36A1F /* KoalaApp.swift */ = {isa = PBXFileReference; lastKnownFileType = sourcecode.swift; path = KoalaApp.swift; sourceTree = "<group>"; };
		F75CEE6F2713E80D00E36A1F /* ContentView.swift */ = {isa = PBXFileReference; lastKnownFileType = sourcecode.swift; path = ContentView.swift; sourceTree = "<group>"; };
		F75CEE712713E80F00E36A1F /* Assets.xcassets */ = {isa = PBXFileReference; lastKnownFileType = folder.assetcatalog; path = Assets.xcassets; sourceTree = "<group>"; };
		F75CEE742713E80F00E36A1F /* Preview Assets.xcassets */ = {isa = PBXFileReference; lastKnownFileType = folder.assetcatalog; path = "Preview Assets.xcassets"; sourceTree = "<group>"; };
		F75CEE8527143BC300E36A1F /* LoginRepository.swift */ = {isa = PBXFileReference; lastKnownFileType = sourcecode.swift; path = LoginRepository.swift; sourceTree = "<group>"; };
		F75CEE8727143BCF00E36A1F /* User.swift */ = {isa = PBXFileReference; lastKnownFileType = sourcecode.swift; path = User.swift; sourceTree = "<group>"; };
		F75CEE8927143BD800E36A1F /* LoginViewModel.swift */ = {isa = PBXFileReference; lastKnownFileType = sourcecode.swift; path = LoginViewModel.swift; sourceTree = "<group>"; };
		F75CEE8B27143BE900E36A1F /* LoginService.swift */ = {isa = PBXFileReference; lastKnownFileType = sourcecode.swift; path = LoginService.swift; sourceTree = "<group>"; };
		F75CEE8D27143BF100E36A1F /* LoginView.swift */ = {isa = PBXFileReference; lastKnownFileType = sourcecode.swift; path = LoginView.swift; sourceTree = "<group>"; };
/* End PBXFileReference section */

/* Begin PBXFrameworksBuildPhase section */
		F75CEE672713E80D00E36A1F /* Frameworks */ = {
			isa = PBXFrameworksBuildPhase;
			buildActionMask = 2147483647;
			files = (
				2F99D364271D8309003DD86C /* SDWebImageSwiftUI in Frameworks */,
				2F99D391271DC6CE003DD86C /* Alamofire in Frameworks */,
			);
			runOnlyForDeploymentPostprocessing = 0;
		};
/* End PBXFrameworksBuildPhase section */

/* Begin PBXGroup section */
		2FA40E3D271DE2F50095A812 /* Themes */ = {
			isa = PBXGroup;
			children = (
				2FA40E42271DE9DA0095A812 /* Fonts */,
				2FA40E3E271DE3180095A812 /* ThemeColor.swift */,
				2FA40E40271DE3980095A812 /* ThemeFont.swift */,
			);
			path = Themes;
			sourceTree = "<group>";
		};
		2FA40E42271DE9DA0095A812 /* Fonts */ = {
			isa = PBXGroup;
			children = (
				2FA40E48271DE9F60095A812 /* Poppins-Black.ttf */,
				2FA40E47271DE9F60095A812 /* Poppins-Bold.ttf */,
				2FA40E49271DE9F70095A812 /* Poppins-ExtraBold.ttf */,
				2FA40E4A271DE9F70095A812 /* Poppins-ExtraLight.ttf */,
				2FA40E46271DE9F60095A812 /* Poppins-Light.ttf */,
				2FA40E45271DE9F60095A812 /* Poppins-Medium.ttf */,
				2FA40E4B271DE9F70095A812 /* Poppins-Regular.ttf */,
				2FA40E44271DE9F60095A812 /* Poppins-SemiBold.ttf */,
				2FA40E43271DE9F60095A812 /* Poppins-Thin.ttf */,
			);
			path = Fonts;
			sourceTree = "<group>";
		};
		2FA40E58271DF45A0095A812 /* Extensions */ = {
			isa = PBXGroup;
			children = (
				2FA40E56271DF44E0095A812 /* ColorExtension.swift */,
				2FA40E59271DFB2C0095A812 /* NumberFormatterExtension.swift */,
			);
			path = Extensions;
			sourceTree = "<group>";
		};
		2FBC8B98271C2E39007E7B76 /* InfluencerList */ = {
			isa = PBXGroup;
			children = (
				2FBC8B9C271C2E5B007E7B76 /* Model */,
				2FBC8B9B271C2E56007E7B76 /* View */,
				2FBC8B9A271C2E50007E7B76 /* ViewModel */,
				2FBC8B99271C2E4A007E7B76 /* Service */,
			);
			path = InfluencerList;
			sourceTree = "<group>";
		};
		2FBC8B99271C2E4A007E7B76 /* Service */ = {
			isa = PBXGroup;
			children = (
				2FBC8BB0271C3725007E7B76 /* InfluencerListService.swift */,
			);
			path = Service;
			sourceTree = "<group>";
		};
		2FBC8B9A271C2E50007E7B76 /* ViewModel */ = {
			isa = PBXGroup;
			children = (
				2FBC8BB6271C3994007E7B76 /* InfluencerListViewModel.swift */,
			);
			path = ViewModel;
			sourceTree = "<group>";
		};
		2FBC8B9B271C2E56007E7B76 /* View */ = {
			isa = PBXGroup;
			children = (
				2FBC8BB8271C3C66007E7B76 /* InfluencerListView.swift */,
				2F99D360271D7F1C003DD86C /* InfluencerCardList.swift */,
			);
			path = View;
			sourceTree = "<group>";
		};
		2FBC8B9C271C2E5B007E7B76 /* Model */ = {
			isa = PBXGroup;
			children = (
				2FBC8BB2271C37CC007E7B76 /* InfluencerListResponse.swift */,
				2FBC8BB4271C38E8007E7B76 /* InfluencerListModel.swift */,
			);
			path = Model;
			sourceTree = "<group>";
		};
		78B933302726576D0040882D /* InfluencerDetail */ = {
			isa = PBXGroup;
			children = (
				78B93332272657830040882D /* Model */,
				78B93331272657790040882D /* View */,
				78B93333272658620040882D /* ViewModel */,
				78B93334272658700040882D /* Service */,
			);
			path = InfluencerDetail;
			sourceTree = "<group>";
		};
		78B93331272657790040882D /* View */ = {
			isa = PBXGroup;
			children = (
			);
			path = View;
			sourceTree = "<group>";
		};
		78B93332272657830040882D /* Model */ = {
			isa = PBXGroup;
			children = (
			);
			path = Model;
			sourceTree = "<group>";
		};
		78B93333272658620040882D /* ViewModel */ = {
			isa = PBXGroup;
			children = (
			);
			path = ViewModel;
			sourceTree = "<group>";
		};
		78B93334272658700040882D /* Service */ = {
			isa = PBXGroup;
			children = (
			);
			path = Service;
			sourceTree = "<group>";
		};
		D2995586271E64E80025D0CB /* Homepage */ = {
			isa = PBXGroup;
			children = (
				D2995588271E64E80025D0CB /* Model */,
				D299558A271E64E80025D0CB /* View */,
				D2995587271E64E80025D0CB /* ViewModel */,
				D2995589271E64E80025D0CB /* Service */,
			);
			name = Homepage;
			path = Koala/Homepage;
			sourceTree = SOURCE_ROOT;
		};
		D2995587271E64E80025D0CB /* ViewModel */ = {
			isa = PBXGroup;
			children = (
				D291034D27212A550008B0DE /* CategoryViewModel.swift */,
				D28EC2A82722536400FCEA2B /* RecommendationViewModel.swift */,
			);
			path = ViewModel;
			sourceTree = "<group>";
		};
		D2995588271E64E80025D0CB /* Model */ = {
			isa = PBXGroup;
			children = (
				D2577BC5271F239B00E7AC5D /* Categories.swift */,
				D2577BC7271F23BE00E7AC5D /* RecommendationInfluencer.swift */,
				D28D6253271FBC9600BE7345 /* HomepageViewConstant.swift */,
				D21476232723F4B2009985BD /* RecommendationInfluencerModel.swift */,
			);
			path = Model;
			sourceTree = "<group>";
		};
		D2995589271E64E80025D0CB /* Service */ = {
			isa = PBXGroup;
			children = (
				D28D625527201E8300BE7345 /* RecommendationInfluencerService.swift */,
				D28D625727201ECB00BE7345 /* CategoriesServices.swift */,
			);
			path = Service;
			sourceTree = "<group>";
		};
		D299558A271E64E80025D0CB /* View */ = {
			isa = PBXGroup;
			children = (
				D299558B271E65EB0025D0CB /* HomepageCategoriesCard.swift */,
				D2995591271F0D120025D0CB /* CategoriesCard.swift */,
				D2577BC9271F244100E7AC5D /* RecommendationInfluencerCard.swift */,
				D2577BC3271F11BD00E7AC5D /* HomepageView.swift */,
				D28D625927205B6000BE7345 /* ProfileButton.swift */,
				D28D625B2720957500BE7345 /* PromotionCard.swift */,
			);
			path = View;
			sourceTree = "<group>";
		};
		F75CEE612713E80D00E36A1F = {
			isa = PBXGroup;
			children = (
				F75CEE6C2713E80D00E36A1F /* Koala */,
				F75CEE6B2713E80D00E36A1F /* Products */,
			);
			sourceTree = "<group>";
		};
		F75CEE6B2713E80D00E36A1F /* Products */ = {
			isa = PBXGroup;
			children = (
				F75CEE6A2713E80D00E36A1F /* Koala.app */,
			);
			name = Products;
			sourceTree = "<group>";
		};
		F75CEE6C2713E80D00E36A1F /* Koala */ = {
			isa = PBXGroup;
			children = (
				78B933302726576D0040882D /* InfluencerDetail */,
				D2995586271E64E80025D0CB /* Homepage */,
				2FBC8B98271C2E39007E7B76 /* InfluencerList */,
				F75CEE7D2713E8CF00E36A1F /* Login */,
				F75CEE7C2713E8C400E36A1F /* Components */,
				F75CEE7B2713E89D00E36A1F /* Utilities */,
				F75CEE6D2713E80D00E36A1F /* KoalaApp.swift */,
				F75CEE6F2713E80D00E36A1F /* ContentView.swift */,
				F75CEE712713E80F00E36A1F /* Assets.xcassets */,
				2FA40E55271DEB340095A812 /* Info.plist */,
				F75CEE732713E80F00E36A1F /* Preview Content */,
			);
			path = Koala;
			sourceTree = "<group>";
		};
		F75CEE732713E80F00E36A1F /* Preview Content */ = {
			isa = PBXGroup;
			children = (
				F75CEE742713E80F00E36A1F /* Preview Assets.xcassets */,
			);
			path = "Preview Content";
			sourceTree = "<group>";
		};
		F75CEE7B2713E89D00E36A1F /* Utilities */ = {
			isa = PBXGroup;
			children = (
				2FA40E3D271DE2F50095A812 /* Themes */,
				2FA40E58271DF45A0095A812 /* Extensions */,
				2FBC8B96271C2E09007E7B76 /* HttpUtility.swift */,
			);
			path = Utilities;
			sourceTree = "<group>";
		};
		F75CEE7C2713E8C400E36A1F /* Components */ = {
			isa = PBXGroup;
			children = (
			);
			path = Components;
			sourceTree = "<group>";
		};
		F75CEE7D2713E8CF00E36A1F /* Login */ = {
			isa = PBXGroup;
			children = (
				F75CEE822713E94400E36A1F /* Views */,
				F75CEE812713E93200E36A1F /* Services */,
				F75CEE802713E92100E36A1F /* ViewModels */,
				F75CEE7F2713E91B00E36A1F /* Models */,
				F75CEE7E2713E91400E36A1F /* Repositories */,
			);
			path = Login;
			sourceTree = "<group>";
		};
		F75CEE7E2713E91400E36A1F /* Repositories */ = {
			isa = PBXGroup;
			children = (
				F75CEE8527143BC300E36A1F /* LoginRepository.swift */,
			);
			path = Repositories;
			sourceTree = "<group>";
		};
		F75CEE7F2713E91B00E36A1F /* Models */ = {
			isa = PBXGroup;
			children = (
				F75CEE8727143BCF00E36A1F /* User.swift */,
			);
			path = Models;
			sourceTree = "<group>";
		};
		F75CEE802713E92100E36A1F /* ViewModels */ = {
			isa = PBXGroup;
			children = (
				F75CEE8927143BD800E36A1F /* LoginViewModel.swift */,
			);
			path = ViewModels;
			sourceTree = "<group>";
		};
		F75CEE812713E93200E36A1F /* Services */ = {
			isa = PBXGroup;
			children = (
				F75CEE8B27143BE900E36A1F /* LoginService.swift */,
			);
			path = Services;
			sourceTree = "<group>";
		};
		F75CEE822713E94400E36A1F /* Views */ = {
			isa = PBXGroup;
			children = (
				F75CEE8D27143BF100E36A1F /* LoginView.swift */,
			);
			path = Views;
			sourceTree = "<group>";
		};
/* End PBXGroup section */

/* Begin PBXNativeTarget section */
		F75CEE692713E80D00E36A1F /* Koala */ = {
			isa = PBXNativeTarget;
			buildConfigurationList = F75CEE782713E80F00E36A1F /* Build configuration list for PBXNativeTarget "Koala" */;
			buildPhases = (
				F75CEE662713E80D00E36A1F /* Sources */,
				F75CEE672713E80D00E36A1F /* Frameworks */,
				F75CEE682713E80D00E36A1F /* Resources */,
			);
			buildRules = (
			);
			dependencies = (
			);
			name = Koala;
			packageProductDependencies = (
				2F99D363271D8309003DD86C /* SDWebImageSwiftUI */,
				2F99D390271DC6CE003DD86C /* Alamofire */,
			);
			productName = Koala;
			productReference = F75CEE6A2713E80D00E36A1F /* Koala.app */;
			productType = "com.apple.product-type.application";
		};
/* End PBXNativeTarget section */

/* Begin PBXProject section */
		F75CEE622713E80D00E36A1F /* Project object */ = {
			isa = PBXProject;
			attributes = {
				BuildIndependentTargetsInParallel = 1;
				LastSwiftUpdateCheck = 1300;
				LastUpgradeCheck = 1300;
				TargetAttributes = {
					F75CEE692713E80D00E36A1F = {
						CreatedOnToolsVersion = 13.0;
					};
				};
			};
			buildConfigurationList = F75CEE652713E80D00E36A1F /* Build configuration list for PBXProject "Koala" */;
			compatibilityVersion = "Xcode 13.0";
			developmentRegion = en;
			hasScannedForEncodings = 0;
			knownRegions = (
				en,
				Base,
			);
			mainGroup = F75CEE612713E80D00E36A1F;
			packageReferences = (
				2F99D362271D8309003DD86C /* XCRemoteSwiftPackageReference "SDWebImageSwiftUI" */,
				2F99D38F271DC6CE003DD86C /* XCRemoteSwiftPackageReference "Alamofire" */,
			);
			productRefGroup = F75CEE6B2713E80D00E36A1F /* Products */;
			projectDirPath = "";
			projectRoot = "";
			targets = (
				F75CEE692713E80D00E36A1F /* Koala */,
			);
		};
/* End PBXProject section */

/* Begin PBXResourcesBuildPhase section */
		F75CEE682713E80D00E36A1F /* Resources */ = {
			isa = PBXResourcesBuildPhase;
			buildActionMask = 2147483647;
			files = (
				2FA40E53271DE9F70095A812 /* Poppins-ExtraLight.ttf in Resources */,
				2FA40E51271DE9F70095A812 /* Poppins-Black.ttf in Resources */,
				2FA40E52271DE9F70095A812 /* Poppins-ExtraBold.ttf in Resources */,
				2FA40E4C271DE9F70095A812 /* Poppins-Thin.ttf in Resources */,
				2FA40E4F271DE9F70095A812 /* Poppins-Light.ttf in Resources */,
				2FA40E50271DE9F70095A812 /* Poppins-Bold.ttf in Resources */,
				2FA40E4D271DE9F70095A812 /* Poppins-SemiBold.ttf in Resources */,
				F75CEE752713E80F00E36A1F /* Preview Assets.xcassets in Resources */,
				2FA40E54271DE9F70095A812 /* Poppins-Regular.ttf in Resources */,
				F75CEE722713E80F00E36A1F /* Assets.xcassets in Resources */,
				2FA40E4E271DE9F70095A812 /* Poppins-Medium.ttf in Resources */,
			);
			runOnlyForDeploymentPostprocessing = 0;
		};
/* End PBXResourcesBuildPhase section */

/* Begin PBXSourcesBuildPhase section */
		F75CEE662713E80D00E36A1F /* Sources */ = {
			isa = PBXSourcesBuildPhase;
			buildActionMask = 2147483647;
			files = (
				2FBC8BB5271C38E8007E7B76 /* InfluencerListModel.swift in Sources */,
				2FBC8BB7271C3994007E7B76 /* InfluencerListViewModel.swift in Sources */,
				2F99D361271D7F1C003DD86C /* InfluencerCardList.swift in Sources */,
				D28D625A27205B6000BE7345 /* ProfileButton.swift in Sources */,
				D2577BCA271F244100E7AC5D /* RecommendationInfluencerCard.swift in Sources */,
				D28D625C2720957500BE7345 /* PromotionCard.swift in Sources */,
				2FBC8B97271C2E09007E7B76 /* HttpUtility.swift in Sources */,
				2FA40E41271DE3980095A812 /* ThemeFont.swift in Sources */,
				D2577BC8271F23BE00E7AC5D /* RecommendationInfluencer.swift in Sources */,
				2FBC8BB9271C3C66007E7B76 /* InfluencerListView.swift in Sources */,
				2FA40E57271DF44E0095A812 /* ColorExtension.swift in Sources */,
				D28D625827201ECB00BE7345 /* CategoriesServices.swift in Sources */,
				2FBC8BB3271C37CC007E7B76 /* InfluencerListResponse.swift in Sources */,
				F75CEE8827143BCF00E36A1F /* User.swift in Sources */,
				F75CEE8E27143BF100E36A1F /* LoginView.swift in Sources */,
				F75CEE8C27143BE900E36A1F /* LoginService.swift in Sources */,
				F75CEE702713E80D00E36A1F /* ContentView.swift in Sources */,
				D2577BC4271F11BD00E7AC5D /* HomepageView.swift in Sources */,
				2FBC8BB1271C3725007E7B76 /* InfluencerListService.swift in Sources */,
				F75CEE6E2713E80D00E36A1F /* KoalaApp.swift in Sources */,
				F75CEE8A27143BD800E36A1F /* LoginViewModel.swift in Sources */,
				2FA40E5A271DFB2C0095A812 /* NumberFormatterExtension.swift in Sources */,
				D2577BC6271F239B00E7AC5D /* Categories.swift in Sources */,
				F75CEE8627143BC300E36A1F /* LoginRepository.swift in Sources */,
				D28EC2A92722536400FCEA2B /* RecommendationViewModel.swift in Sources */,
				D28D625627201E8300BE7345 /* RecommendationInfluencerService.swift in Sources */,
				D291034E27212A550008B0DE /* CategoryViewModel.swift in Sources */,
				D28D6254271FBC9600BE7345 /* HomepageViewConstant.swift in Sources */,
				2FA40E3F271DE3180095A812 /* ThemeColor.swift in Sources */,
				D299558C271E65EB0025D0CB /* HomepageCategoriesCard.swift in Sources */,
				D21476242723F4B2009985BD /* RecommendationInfluencerModel.swift in Sources */,
				D2995592271F0D120025D0CB /* CategoriesCard.swift in Sources */,
			);
			runOnlyForDeploymentPostprocessing = 0;
		};
/* End PBXSourcesBuildPhase section */

/* Begin XCBuildConfiguration section */
		F75CEE762713E80F00E36A1F /* Debug */ = {
			isa = XCBuildConfiguration;
			buildSettings = {
				ALWAYS_SEARCH_USER_PATHS = NO;
				CLANG_ANALYZER_NONNULL = YES;
				CLANG_ANALYZER_NUMBER_OBJECT_CONVERSION = YES_AGGRESSIVE;
				CLANG_CXX_LANGUAGE_STANDARD = "gnu++17";
				CLANG_CXX_LIBRARY = "libc++";
				CLANG_ENABLE_MODULES = YES;
				CLANG_ENABLE_OBJC_ARC = YES;
				CLANG_ENABLE_OBJC_WEAK = YES;
				CLANG_WARN_BLOCK_CAPTURE_AUTORELEASING = YES;
				CLANG_WARN_BOOL_CONVERSION = YES;
				CLANG_WARN_COMMA = YES;
				CLANG_WARN_CONSTANT_CONVERSION = YES;
				CLANG_WARN_DEPRECATED_OBJC_IMPLEMENTATIONS = YES;
				CLANG_WARN_DIRECT_OBJC_ISA_USAGE = YES_ERROR;
				CLANG_WARN_DOCUMENTATION_COMMENTS = YES;
				CLANG_WARN_EMPTY_BODY = YES;
				CLANG_WARN_ENUM_CONVERSION = YES;
				CLANG_WARN_INFINITE_RECURSION = YES;
				CLANG_WARN_INT_CONVERSION = YES;
				CLANG_WARN_NON_LITERAL_NULL_CONVERSION = YES;
				CLANG_WARN_OBJC_IMPLICIT_RETAIN_SELF = YES;
				CLANG_WARN_OBJC_LITERAL_CONVERSION = YES;
				CLANG_WARN_OBJC_ROOT_CLASS = YES_ERROR;
				CLANG_WARN_QUOTED_INCLUDE_IN_FRAMEWORK_HEADER = YES;
				CLANG_WARN_RANGE_LOOP_ANALYSIS = YES;
				CLANG_WARN_STRICT_PROTOTYPES = YES;
				CLANG_WARN_SUSPICIOUS_MOVE = YES;
				CLANG_WARN_UNGUARDED_AVAILABILITY = YES_AGGRESSIVE;
				CLANG_WARN_UNREACHABLE_CODE = YES;
				CLANG_WARN__DUPLICATE_METHOD_MATCH = YES;
				COPY_PHASE_STRIP = NO;
				DEBUG_INFORMATION_FORMAT = dwarf;
				ENABLE_STRICT_OBJC_MSGSEND = YES;
				ENABLE_TESTABILITY = YES;
				GCC_C_LANGUAGE_STANDARD = gnu11;
				GCC_DYNAMIC_NO_PIC = NO;
				GCC_NO_COMMON_BLOCKS = YES;
				GCC_OPTIMIZATION_LEVEL = 0;
				GCC_PREPROCESSOR_DEFINITIONS = (
					"DEBUG=1",
					"$(inherited)",
				);
				GCC_WARN_64_TO_32_BIT_CONVERSION = YES;
				GCC_WARN_ABOUT_RETURN_TYPE = YES_ERROR;
				GCC_WARN_UNDECLARED_SELECTOR = YES;
				GCC_WARN_UNINITIALIZED_AUTOS = YES_AGGRESSIVE;
				GCC_WARN_UNUSED_FUNCTION = YES;
				GCC_WARN_UNUSED_VARIABLE = YES;
				IPHONEOS_DEPLOYMENT_TARGET = 15.0;
				MTL_ENABLE_DEBUG_INFO = INCLUDE_SOURCE;
				MTL_FAST_MATH = YES;
				ONLY_ACTIVE_ARCH = YES;
				SDKROOT = iphoneos;
				SWIFT_ACTIVE_COMPILATION_CONDITIONS = DEBUG;
				SWIFT_OPTIMIZATION_LEVEL = "-Onone";
			};
			name = Debug;
		};
		F75CEE772713E80F00E36A1F /* Release */ = {
			isa = XCBuildConfiguration;
			buildSettings = {
				ALWAYS_SEARCH_USER_PATHS = NO;
				CLANG_ANALYZER_NONNULL = YES;
				CLANG_ANALYZER_NUMBER_OBJECT_CONVERSION = YES_AGGRESSIVE;
				CLANG_CXX_LANGUAGE_STANDARD = "gnu++17";
				CLANG_CXX_LIBRARY = "libc++";
				CLANG_ENABLE_MODULES = YES;
				CLANG_ENABLE_OBJC_ARC = YES;
				CLANG_ENABLE_OBJC_WEAK = YES;
				CLANG_WARN_BLOCK_CAPTURE_AUTORELEASING = YES;
				CLANG_WARN_BOOL_CONVERSION = YES;
				CLANG_WARN_COMMA = YES;
				CLANG_WARN_CONSTANT_CONVERSION = YES;
				CLANG_WARN_DEPRECATED_OBJC_IMPLEMENTATIONS = YES;
				CLANG_WARN_DIRECT_OBJC_ISA_USAGE = YES_ERROR;
				CLANG_WARN_DOCUMENTATION_COMMENTS = YES;
				CLANG_WARN_EMPTY_BODY = YES;
				CLANG_WARN_ENUM_CONVERSION = YES;
				CLANG_WARN_INFINITE_RECURSION = YES;
				CLANG_WARN_INT_CONVERSION = YES;
				CLANG_WARN_NON_LITERAL_NULL_CONVERSION = YES;
				CLANG_WARN_OBJC_IMPLICIT_RETAIN_SELF = YES;
				CLANG_WARN_OBJC_LITERAL_CONVERSION = YES;
				CLANG_WARN_OBJC_ROOT_CLASS = YES_ERROR;
				CLANG_WARN_QUOTED_INCLUDE_IN_FRAMEWORK_HEADER = YES;
				CLANG_WARN_RANGE_LOOP_ANALYSIS = YES;
				CLANG_WARN_STRICT_PROTOTYPES = YES;
				CLANG_WARN_SUSPICIOUS_MOVE = YES;
				CLANG_WARN_UNGUARDED_AVAILABILITY = YES_AGGRESSIVE;
				CLANG_WARN_UNREACHABLE_CODE = YES;
				CLANG_WARN__DUPLICATE_METHOD_MATCH = YES;
				COPY_PHASE_STRIP = NO;
				DEBUG_INFORMATION_FORMAT = "dwarf-with-dsym";
				ENABLE_NS_ASSERTIONS = NO;
				ENABLE_STRICT_OBJC_MSGSEND = YES;
				GCC_C_LANGUAGE_STANDARD = gnu11;
				GCC_NO_COMMON_BLOCKS = YES;
				GCC_WARN_64_TO_32_BIT_CONVERSION = YES;
				GCC_WARN_ABOUT_RETURN_TYPE = YES_ERROR;
				GCC_WARN_UNDECLARED_SELECTOR = YES;
				GCC_WARN_UNINITIALIZED_AUTOS = YES_AGGRESSIVE;
				GCC_WARN_UNUSED_FUNCTION = YES;
				GCC_WARN_UNUSED_VARIABLE = YES;
				IPHONEOS_DEPLOYMENT_TARGET = 15.0;
				MTL_ENABLE_DEBUG_INFO = NO;
				MTL_FAST_MATH = YES;
				SDKROOT = iphoneos;
				SWIFT_COMPILATION_MODE = wholemodule;
				SWIFT_OPTIMIZATION_LEVEL = "-O";
				VALIDATE_PRODUCT = YES;
			};
			name = Release;
		};
		F75CEE792713E80F00E36A1F /* Debug */ = {
			isa = XCBuildConfiguration;
			buildSettings = {
				ASSETCATALOG_COMPILER_APPICON_NAME = AppIcon;
				ASSETCATALOG_COMPILER_GLOBAL_ACCENT_COLOR_NAME = AccentColor;
				CODE_SIGN_STYLE = Automatic;
				CURRENT_PROJECT_VERSION = 1;
				DEVELOPMENT_ASSET_PATHS = "\"Koala/Preview Content\"";
				DEVELOPMENT_TEAM = PKF8ACHM24;
				ENABLE_PREVIEWS = YES;
				GENERATE_INFOPLIST_FILE = YES;
				INFOPLIST_FILE = Koala/Info.plist;
				INFOPLIST_KEY_UIApplicationSceneManifest_Generation = YES;
				INFOPLIST_KEY_UIApplicationSupportsIndirectInputEvents = YES;
				INFOPLIST_KEY_UILaunchScreen_Generation = YES;
				INFOPLIST_KEY_UISupportedInterfaceOrientations_iPad = "UIInterfaceOrientationPortrait UIInterfaceOrientationPortraitUpsideDown UIInterfaceOrientationLandscapeLeft UIInterfaceOrientationLandscapeRight";
				INFOPLIST_KEY_UISupportedInterfaceOrientations_iPhone = "UIInterfaceOrientationPortrait UIInterfaceOrientationLandscapeLeft UIInterfaceOrientationLandscapeRight";
				IPHONEOS_DEPLOYMENT_TARGET = 14.0;
				LD_RUNPATH_SEARCH_PATHS = (
					"$(inherited)",
					"@executable_path/Frameworks",
				);
				MARKETING_VERSION = 1.0;
				PRODUCT_BUNDLE_IDENTIFIER = com.revarino.Koala;
				PRODUCT_NAME = "$(TARGET_NAME)";
				SWIFT_EMIT_LOC_STRINGS = YES;
				SWIFT_VERSION = 5.0;
				TARGETED_DEVICE_FAMILY = "1,2";
			};
			name = Debug;
		};
		F75CEE7A2713E80F00E36A1F /* Release */ = {
			isa = XCBuildConfiguration;
			buildSettings = {
				ASSETCATALOG_COMPILER_APPICON_NAME = AppIcon;
				ASSETCATALOG_COMPILER_GLOBAL_ACCENT_COLOR_NAME = AccentColor;
				CODE_SIGN_STYLE = Automatic;
				CURRENT_PROJECT_VERSION = 1;
				DEVELOPMENT_ASSET_PATHS = "\"Koala/Preview Content\"";
				DEVELOPMENT_TEAM = PKF8ACHM24;
				ENABLE_PREVIEWS = YES;
				GENERATE_INFOPLIST_FILE = YES;
				INFOPLIST_FILE = Koala/Info.plist;
				INFOPLIST_KEY_UIApplicationSceneManifest_Generation = YES;
				INFOPLIST_KEY_UIApplicationSupportsIndirectInputEvents = YES;
				INFOPLIST_KEY_UILaunchScreen_Generation = YES;
				INFOPLIST_KEY_UISupportedInterfaceOrientations_iPad = "UIInterfaceOrientationPortrait UIInterfaceOrientationPortraitUpsideDown UIInterfaceOrientationLandscapeLeft UIInterfaceOrientationLandscapeRight";
				INFOPLIST_KEY_UISupportedInterfaceOrientations_iPhone = "UIInterfaceOrientationPortrait UIInterfaceOrientationLandscapeLeft UIInterfaceOrientationLandscapeRight";
				IPHONEOS_DEPLOYMENT_TARGET = 14.0;
				LD_RUNPATH_SEARCH_PATHS = (
					"$(inherited)",
					"@executable_path/Frameworks",
				);
				MARKETING_VERSION = 1.0;
				PRODUCT_BUNDLE_IDENTIFIER = com.revarino.Koala;
				PRODUCT_NAME = "$(TARGET_NAME)";
				SWIFT_EMIT_LOC_STRINGS = YES;
				SWIFT_VERSION = 5.0;
				TARGETED_DEVICE_FAMILY = "1,2";
			};
			name = Release;
		};
/* End XCBuildConfiguration section */

/* Begin XCConfigurationList section */
		F75CEE652713E80D00E36A1F /* Build configuration list for PBXProject "Koala" */ = {
			isa = XCConfigurationList;
			buildConfigurations = (
				F75CEE762713E80F00E36A1F /* Debug */,
				F75CEE772713E80F00E36A1F /* Release */,
			);
			defaultConfigurationIsVisible = 0;
			defaultConfigurationName = Release;
		};
		F75CEE782713E80F00E36A1F /* Build configuration list for PBXNativeTarget "Koala" */ = {
			isa = XCConfigurationList;
			buildConfigurations = (
				F75CEE792713E80F00E36A1F /* Debug */,
				F75CEE7A2713E80F00E36A1F /* Release */,
			);
			defaultConfigurationIsVisible = 0;
			defaultConfigurationName = Release;
		};
/* End XCConfigurationList section */

/* Begin XCRemoteSwiftPackageReference section */
		2F99D362271D8309003DD86C /* XCRemoteSwiftPackageReference "SDWebImageSwiftUI" */ = {
			isa = XCRemoteSwiftPackageReference;
			repositoryURL = "https://github.com/SDWebImage/SDWebImageSwiftUI";
			requirement = {
				kind = upToNextMajorVersion;
				minimumVersion = 2.0.0;
			};
		};
		2F99D38F271DC6CE003DD86C /* XCRemoteSwiftPackageReference "Alamofire" */ = {
			isa = XCRemoteSwiftPackageReference;
			repositoryURL = "https://github.com/Alamofire/Alamofire.git";
			requirement = {
				kind = upToNextMajorVersion;
				minimumVersion = 5.0.0;
			};
		};
/* End XCRemoteSwiftPackageReference section */

/* Begin XCSwiftPackageProductDependency section */
		2F99D363271D8309003DD86C /* SDWebImageSwiftUI */ = {
			isa = XCSwiftPackageProductDependency;
			package = 2F99D362271D8309003DD86C /* XCRemoteSwiftPackageReference "SDWebImageSwiftUI" */;
			productName = SDWebImageSwiftUI;
		};
		2F99D390271DC6CE003DD86C /* Alamofire */ = {
			isa = XCSwiftPackageProductDependency;
			package = 2F99D38F271DC6CE003DD86C /* XCRemoteSwiftPackageReference "Alamofire" */;
			productName = Alamofire;
		};
/* End XCSwiftPackageProductDependency section */
	};
	rootObject = F75CEE622713E80D00E36A1F /* Project object */;
}
